// !$*UTF8*$!
{
	archiveVersion = 1;
	classes = {
	};
	objectVersion = 46;
	objects = {

/* Begin PBXBuildFile section */
		7832703814115C6F00ECCE7D /* NSObject+ActiveSupport.h in Headers */ = {isa = PBXBuildFile; fileRef = 7832703614115C6F00ECCE7D /* NSObject+ActiveSupport.h */; settings = {ATTRIBUTES = (Public, ); }; };
		7832703A14115C6F00ECCE7D /* NSObject+ActiveSupport.m in Sources */ = {isa = PBXBuildFile; fileRef = 7832703714115C6F00ECCE7D /* NSObject+ActiveSupport.m */; };
		7832704214115D3400ECCE7D /* NSArray+ActiveSupport.h in Headers */ = {isa = PBXBuildFile; fileRef = 7832704014115D3400ECCE7D /* NSArray+ActiveSupport.h */; settings = {ATTRIBUTES = (Public, ); }; };
		7832704414115D3400ECCE7D /* NSArray+ActiveSupport.m in Sources */ = {isa = PBXBuildFile; fileRef = 7832704114115D3400ECCE7D /* NSArray+ActiveSupport.m */; };
		783545F913EA64C50049385C /* InfoPlist.strings in Resources */ = {isa = PBXBuildFile; fileRef = 783545F713EA64C50049385C /* InfoPlist.strings */; };
		7835460513EA64C50049385C /* SenTestingKit.framework in Frameworks */ = {isa = PBXBuildFile; fileRef = 7835460413EA64C50049385C /* SenTestingKit.framework */; };
		7835460913EA64C50049385C /* ActiveSupport.framework in Frameworks */ = {isa = PBXBuildFile; fileRef = 783545EB13EA64C50049385C /* ActiveSupport.framework */; };
		7835460F13EA64C50049385C /* InfoPlist.strings in Resources */ = {isa = PBXBuildFile; fileRef = 7835460D13EA64C50049385C /* InfoPlist.strings */; };
		7835461213EA64C50049385C /* ActiveSupportTests.m in Sources */ = {isa = PBXBuildFile; fileRef = 7835461113EA64C50049385C /* ActiveSupportTests.m */; };
		7835461E13EA67C50049385C /* ActiveSupport.h in Headers */ = {isa = PBXBuildFile; fileRef = 7835461B13EA67C50049385C /* ActiveSupport.h */; settings = {ATTRIBUTES = (Public, ); }; };
		7835461F13EA67C50049385C /* ASInflectorMethods.h in Headers */ = {isa = PBXBuildFile; fileRef = 7835461C13EA67C50049385C /* ASInflectorMethods.h */; settings = {ATTRIBUTES = (Public, ); }; };
		7835462013EA67C50049385C /* ASInflectorMethods.m in Sources */ = {isa = PBXBuildFile; fileRef = 7835461D13EA67C50049385C /* ASInflectorMethods.m */; };
		7835BC751414B8E600CC4B56 /* Versioning.h in Headers */ = {isa = PBXBuildFile; fileRef = 7835BC731414B8E600CC4B56 /* Versioning.h */; settings = {ATTRIBUTES = (Public, ); }; };
		7835BC771414B8E600CC4B56 /* Versioning.m in Sources */ = {isa = PBXBuildFile; fileRef = 7835BC741414B8E600CC4B56 /* Versioning.m */; };
		783BA26814E9D27300D6BDB1 /* ASRFC2822.h in Headers */ = {isa = PBXBuildFile; fileRef = 783BA26614E9D27300D6BDB1 /* ASRFC2822.h */; settings = {ATTRIBUTES = (Public, ); }; };
		783BA26A14E9D27300D6BDB1 /* ASRFC2822.m in Sources */ = {isa = PBXBuildFile; fileRef = 783BA26714E9D27300D6BDB1 /* ASRFC2822.m */; };
		783BA26F14E9D84A00D6BDB1 /* ASDateFormatter.h in Headers */ = {isa = PBXBuildFile; fileRef = 783BA26D14E9D84A00D6BDB1 /* ASDateFormatter.h */; settings = {ATTRIBUTES = (Public, ); }; };
		783BA27114E9D84A00D6BDB1 /* ASDateFormatter.m in Sources */ = {isa = PBXBuildFile; fileRef = 783BA26E14E9D84A00D6BDB1 /* ASDateFormatter.m */; };
		784891E614EA9E03009F2BE7 /* NSDateFormatter+ActiveSupport.h in Headers */ = {isa = PBXBuildFile; fileRef = 784891E414EA9E03009F2BE7 /* NSDateFormatter+ActiveSupport.h */; settings = {ATTRIBUTES = (Public, ); }; };
		784891E814EA9E03009F2BE7 /* NSDateFormatter+ActiveSupport.m in Sources */ = {isa = PBXBuildFile; fileRef = 784891E514EA9E03009F2BE7 /* NSDateFormatter+ActiveSupport.m */; };
		78719ACE141542CD00D102A0 /* Foundation.framework in Frameworks */ = {isa = PBXBuildFile; fileRef = 78AFBD9013EC587900BBFC62 /* Foundation.framework */; };
		78719ACF141542CE00D102A0 /* Foundation.framework in Frameworks */ = {isa = PBXBuildFile; fileRef = 78AFBD9013EC587900BBFC62 /* Foundation.framework */; };
		788DB0F814D323CA00AF938D /* InflectorTests.h in Headers */ = {isa = PBXBuildFile; fileRef = 788DB0F614D323CA00AF938D /* InflectorTests.h */; };
		788DB0FD14D3244A00AF938D /* InflectorTests.m in Sources */ = {isa = PBXBuildFile; fileRef = 788DB0F714D323CA00AF938D /* InflectorTests.m */; };
		788F9C1514D837F8000BA699 /* ASNull.h in Headers */ = {isa = PBXBuildFile; fileRef = 788F9C1314D837F8000BA699 /* ASNull.h */; settings = {ATTRIBUTES = (Public, ); }; };
		788F9C1714D837F8000BA699 /* ASNull.m in Sources */ = {isa = PBXBuildFile; fileRef = 788F9C1414D837F8000BA699 /* ASNull.m */; };
		78B628FC141163A2007A8602 /* NSDictionary+ActiveSupport.h in Headers */ = {isa = PBXBuildFile; fileRef = 78B628FA141163A2007A8602 /* NSDictionary+ActiveSupport.h */; settings = {ATTRIBUTES = (Public, ); }; };
		78B628FE141163A2007A8602 /* NSDictionary+ActiveSupport.m in Sources */ = {isa = PBXBuildFile; fileRef = 78B628FB141163A2007A8602 /* NSDictionary+ActiveSupport.m */; };
		78D9883C14E9166D0081C350 /* EncodingTests.m in Sources */ = {isa = PBXBuildFile; fileRef = 78D9883B14E9166D0081C350 /* EncodingTests.m */; };
		78E0B180140D320C004E1041 /* ASInflector.h in Headers */ = {isa = PBXBuildFile; fileRef = 78E0B17E140D320C004E1041 /* ASInflector.h */; settings = {ATTRIBUTES = (Public, ); }; };
		78E0B181140D320C004E1041 /* ASInflector.m in Sources */ = {isa = PBXBuildFile; fileRef = 78E0B17F140D320C004E1041 /* ASInflector.m */; };
		78E77EC814E03C0D008C55C6 /* ASReplacementStringForResults.h in Headers */ = {isa = PBXBuildFile; fileRef = 78E77EC714E03C0D008C55C6 /* ASReplacementStringForResults.h */; settings = {ATTRIBUTES = (Public, ); }; };
		78E77ECC14E03C22008C55C6 /* ASReplacementStringForResults.m in Sources */ = {isa = PBXBuildFile; fileRef = 78E77ECB14E03C21008C55C6 /* ASReplacementStringForResults.m */; };
		78ED15D814B2282E00149AEE /* ASRFC3339.h in Headers */ = {isa = PBXBuildFile; fileRef = 78ED15D714B2282E00149AEE /* ASRFC3339.h */; settings = {ATTRIBUTES = (Public, ); }; };
		78ED15DC14B228B400149AEE /* ASRFC3339.m in Sources */ = {isa = PBXBuildFile; fileRef = 78ED15DB14B228B400149AEE /* ASRFC3339.m */; };
		78F3B50714175E5C005D6F5D /* NSRegularExpression+ActiveSupport.h in Headers */ = {isa = PBXBuildFile; fileRef = 78F3B50514175E5C005D6F5D /* NSRegularExpression+ActiveSupport.h */; settings = {ATTRIBUTES = (Public, ); }; };
		78F3B50914175E5C005D6F5D /* NSRegularExpression+ActiveSupport.m in Sources */ = {isa = PBXBuildFile; fileRef = 78F3B50614175E5C005D6F5D /* NSRegularExpression+ActiveSupport.m */; };
		78F3B5571418CEB8005D6F5D /* ASJSON.h in Headers */ = {isa = PBXBuildFile; fileRef = 78F3B5551418CEB7005D6F5D /* ASJSON.h */; settings = {ATTRIBUTES = (Public, ); }; };
		78F3B5591418CEB8005D6F5D /* ASJSON.m in Sources */ = {isa = PBXBuildFile; fileRef = 78F3B5561418CEB7005D6F5D /* ASJSON.m */; };
/* End PBXBuildFile section */

/* Begin PBXContainerItemProxy section */
		7835460713EA64C50049385C /* PBXContainerItemProxy */ = {
			isa = PBXContainerItemProxy;
			containerPortal = 783545E113EA64C40049385C /* Project object */;
			proxyType = 1;
			remoteGlobalIDString = 783545EA13EA64C50049385C;
			remoteInfo = ActiveSupportKit;
		};
/* End PBXContainerItemProxy section */

/* Begin PBXFileReference section */
		7832703614115C6F00ECCE7D /* NSObject+ActiveSupport.h */ = {isa = PBXFileReference; fileEncoding = 4; lastKnownFileType = sourcecode.c.h; path = "NSObject+ActiveSupport.h"; sourceTree = "<group>"; };
		7832703714115C6F00ECCE7D /* NSObject+ActiveSupport.m */ = {isa = PBXFileReference; fileEncoding = 4; lastKnownFileType = sourcecode.c.objc; path = "NSObject+ActiveSupport.m"; sourceTree = "<group>"; };
		7832704014115D3400ECCE7D /* NSArray+ActiveSupport.h */ = {isa = PBXFileReference; fileEncoding = 4; lastKnownFileType = sourcecode.c.h; path = "NSArray+ActiveSupport.h"; sourceTree = "<group>"; };
		7832704114115D3400ECCE7D /* NSArray+ActiveSupport.m */ = {isa = PBXFileReference; fileEncoding = 4; lastKnownFileType = sourcecode.c.objc; path = "NSArray+ActiveSupport.m"; sourceTree = "<group>"; };
		783545EB13EA64C50049385C /* ActiveSupport.framework */ = {isa = PBXFileReference; explicitFileType = wrapper.framework; includeInIndex = 0; path = ActiveSupport.framework; sourceTree = BUILT_PRODUCTS_DIR; };
		783545F613EA64C50049385C /* ActiveSupport-Info.plist */ = {isa = PBXFileReference; lastKnownFileType = text.plist.xml; path = "ActiveSupport-Info.plist"; sourceTree = "<group>"; };
		783545F813EA64C50049385C /* en */ = {isa = PBXFileReference; lastKnownFileType = text.plist.strings; name = en; path = en.lproj/InfoPlist.strings; sourceTree = "<group>"; };
		783545FA13EA64C50049385C /* ActiveSupport-Prefix.pch */ = {isa = PBXFileReference; lastKnownFileType = sourcecode.c.h; path = "ActiveSupport-Prefix.pch"; sourceTree = "<group>"; };
		7835460313EA64C50049385C /* ActiveSupportTests.octest */ = {isa = PBXFileReference; explicitFileType = wrapper.cfbundle; includeInIndex = 0; path = ActiveSupportTests.octest; sourceTree = BUILT_PRODUCTS_DIR; };
		7835460413EA64C50049385C /* SenTestingKit.framework */ = {isa = PBXFileReference; lastKnownFileType = wrapper.framework; name = SenTestingKit.framework; path = Library/Frameworks/SenTestingKit.framework; sourceTree = DEVELOPER_DIR; };
		7835460C13EA64C50049385C /* ActiveSupportTests-Info.plist */ = {isa = PBXFileReference; lastKnownFileType = text.plist.xml; path = "ActiveSupportTests-Info.plist"; sourceTree = "<group>"; };
		7835460E13EA64C50049385C /* en */ = {isa = PBXFileReference; lastKnownFileType = text.plist.strings; name = en; path = en.lproj/InfoPlist.strings; sourceTree = "<group>"; };
		7835461013EA64C50049385C /* ActiveSupportTests.h */ = {isa = PBXFileReference; lastKnownFileType = sourcecode.c.h; path = ActiveSupportTests.h; sourceTree = "<group>"; };
		7835461113EA64C50049385C /* ActiveSupportTests.m */ = {isa = PBXFileReference; lastKnownFileType = sourcecode.c.objc; path = ActiveSupportTests.m; sourceTree = "<group>"; };
		7835461B13EA67C50049385C /* ActiveSupport.h */ = {isa = PBXFileReference; fileEncoding = 4; lastKnownFileType = sourcecode.c.h; path = ActiveSupport.h; sourceTree = "<group>"; };
		7835461C13EA67C50049385C /* ASInflectorMethods.h */ = {isa = PBXFileReference; fileEncoding = 4; lastKnownFileType = sourcecode.c.h; path = ASInflectorMethods.h; sourceTree = "<group>"; };
		7835461D13EA67C50049385C /* ASInflectorMethods.m */ = {isa = PBXFileReference; fileEncoding = 4; lastKnownFileType = sourcecode.c.objc; path = ASInflectorMethods.m; sourceTree = "<group>"; };
		7835BC731414B8E600CC4B56 /* Versioning.h */ = {isa = PBXFileReference; fileEncoding = 4; lastKnownFileType = sourcecode.c.h; path = Versioning.h; sourceTree = "<group>"; };
		7835BC741414B8E600CC4B56 /* Versioning.m */ = {isa = PBXFileReference; fileEncoding = 4; lastKnownFileType = sourcecode.c.objc; path = Versioning.m; sourceTree = "<group>"; };
		783BA26614E9D27300D6BDB1 /* ASRFC2822.h */ = {isa = PBXFileReference; fileEncoding = 4; lastKnownFileType = sourcecode.c.h; path = ASRFC2822.h; sourceTree = "<group>"; };
		783BA26714E9D27300D6BDB1 /* ASRFC2822.m */ = {isa = PBXFileReference; fileEncoding = 4; lastKnownFileType = sourcecode.c.objc; path = ASRFC2822.m; sourceTree = "<group>"; };
		783BA26D14E9D84A00D6BDB1 /* ASDateFormatter.h */ = {isa = PBXFileReference; fileEncoding = 4; lastKnownFileType = sourcecode.c.h; lineEnding = 0; path = ASDateFormatter.h; sourceTree = "<group>"; xcLanguageSpecificationIdentifier = xcode.lang.objcpp; };
		783BA26E14E9D84A00D6BDB1 /* ASDateFormatter.m */ = {isa = PBXFileReference; fileEncoding = 4; lastKnownFileType = sourcecode.c.objc; path = ASDateFormatter.m; sourceTree = "<group>"; };
		784891E414EA9E03009F2BE7 /* NSDateFormatter+ActiveSupport.h */ = {isa = PBXFileReference; fileEncoding = 4; lastKnownFileType = sourcecode.c.h; lineEnding = 0; path = "NSDateFormatter+ActiveSupport.h"; sourceTree = "<group>"; xcLanguageSpecificationIdentifier = xcode.lang.objcpp; };
		784891E514EA9E03009F2BE7 /* NSDateFormatter+ActiveSupport.m */ = {isa = PBXFileReference; fileEncoding = 4; lastKnownFileType = sourcecode.c.objc; path = "NSDateFormatter+ActiveSupport.m"; sourceTree = "<group>"; };
		788DB0F614D323CA00AF938D /* InflectorTests.h */ = {isa = PBXFileReference; fileEncoding = 4; lastKnownFileType = sourcecode.c.h; path = InflectorTests.h; sourceTree = "<group>"; };
		788DB0F714D323CA00AF938D /* InflectorTests.m */ = {isa = PBXFileReference; fileEncoding = 4; lastKnownFileType = sourcecode.c.objc; path = InflectorTests.m; sourceTree = "<group>"; };
		788F9C1314D837F8000BA699 /* ASNull.h */ = {isa = PBXFileReference; fileEncoding = 4; lastKnownFileType = sourcecode.c.h; lineEnding = 0; path = ASNull.h; sourceTree = "<group>"; xcLanguageSpecificationIdentifier = xcode.lang.objcpp; };
		788F9C1414D837F8000BA699 /* ASNull.m */ = {isa = PBXFileReference; fileEncoding = 4; lastKnownFileType = sourcecode.c.objc; path = ASNull.m; sourceTree = "<group>"; };
		78AFBD9013EC587900BBFC62 /* Foundation.framework */ = {isa = PBXFileReference; lastKnownFileType = wrapper.framework; name = Foundation.framework; path = System/Library/Frameworks/Foundation.framework; sourceTree = SDKROOT; };
		78B628FA141163A2007A8602 /* NSDictionary+ActiveSupport.h */ = {isa = PBXFileReference; fileEncoding = 4; lastKnownFileType = sourcecode.c.h; path = "NSDictionary+ActiveSupport.h"; sourceTree = "<group>"; };
		78B628FB141163A2007A8602 /* NSDictionary+ActiveSupport.m */ = {isa = PBXFileReference; fileEncoding = 4; lastKnownFileType = sourcecode.c.objc; path = "NSDictionary+ActiveSupport.m"; sourceTree = "<group>"; };
		78D9883A14E9166D0081C350 /* EncodingTests.h */ = {isa = PBXFileReference; fileEncoding = 4; lastKnownFileType = sourcecode.c.h; path = EncodingTests.h; sourceTree = "<group>"; };
		78D9883B14E9166D0081C350 /* EncodingTests.m */ = {isa = PBXFileReference; fileEncoding = 4; lastKnownFileType = sourcecode.c.objc; path = EncodingTests.m; sourceTree = "<group>"; };
		78E0B17E140D320C004E1041 /* ASInflector.h */ = {isa = PBXFileReference; fileEncoding = 4; lastKnownFileType = sourcecode.c.h; path = ASInflector.h; sourceTree = "<group>"; };
		78E0B17F140D320C004E1041 /* ASInflector.m */ = {isa = PBXFileReference; fileEncoding = 4; lastKnownFileType = sourcecode.c.objc; path = ASInflector.m; sourceTree = "<group>"; };
		78E77EC714E03C0D008C55C6 /* ASReplacementStringForResults.h */ = {isa = PBXFileReference; fileEncoding = 4; lastKnownFileType = sourcecode.c.h; lineEnding = 0; path = ASReplacementStringForResults.h; sourceTree = "<group>"; xcLanguageSpecificationIdentifier = xcode.lang.objcpp; };
		78E77ECB14E03C21008C55C6 /* ASReplacementStringForResults.m */ = {isa = PBXFileReference; fileEncoding = 4; lastKnownFileType = sourcecode.c.objc; path = ASReplacementStringForResults.m; sourceTree = "<group>"; };
		78ED15D714B2282E00149AEE /* ASRFC3339.h */ = {isa = PBXFileReference; fileEncoding = 4; lastKnownFileType = sourcecode.c.h; lineEnding = 0; path = ASRFC3339.h; sourceTree = "<group>"; xcLanguageSpecificationIdentifier = xcode.lang.objcpp; };
		78ED15DB14B228B400149AEE /* ASRFC3339.m */ = {isa = PBXFileReference; fileEncoding = 4; lastKnownFileType = sourcecode.c.objc; path = ASRFC3339.m; sourceTree = "<group>"; };
		78F3B50514175E5C005D6F5D /* NSRegularExpression+ActiveSupport.h */ = {isa = PBXFileReference; fileEncoding = 4; lastKnownFileType = sourcecode.c.h; path = "NSRegularExpression+ActiveSupport.h"; sourceTree = "<group>"; };
		78F3B50614175E5C005D6F5D /* NSRegularExpression+ActiveSupport.m */ = {isa = PBXFileReference; fileEncoding = 4; lastKnownFileType = sourcecode.c.objc; path = "NSRegularExpression+ActiveSupport.m"; sourceTree = "<group>"; };
		78F3B5551418CEB7005D6F5D /* ASJSON.h */ = {isa = PBXFileReference; fileEncoding = 4; lastKnownFileType = sourcecode.c.h; lineEnding = 0; path = ASJSON.h; sourceTree = "<group>"; xcLanguageSpecificationIdentifier = xcode.lang.objcpp; };
		78F3B5561418CEB7005D6F5D /* ASJSON.m */ = {isa = PBXFileReference; fileEncoding = 4; lastKnownFileType = sourcecode.c.objc; path = ASJSON.m; sourceTree = "<group>"; };
/* End PBXFileReference section */

/* Begin PBXFrameworksBuildPhase section */
		783545E713EA64C50049385C /* Frameworks */ = {
			isa = PBXFrameworksBuildPhase;
			buildActionMask = 2147483647;
			files = (
				78719ACE141542CD00D102A0 /* Foundation.framework in Frameworks */,
			);
			runOnlyForDeploymentPostprocessing = 0;
		};
		783545FF13EA64C50049385C /* Frameworks */ = {
			isa = PBXFrameworksBuildPhase;
			buildActionMask = 2147483647;
			files = (
				7835460513EA64C50049385C /* SenTestingKit.framework in Frameworks */,
				7835460913EA64C50049385C /* ActiveSupport.framework in Frameworks */,
				78719ACF141542CE00D102A0 /* Foundation.framework in Frameworks */,
			);
			runOnlyForDeploymentPostprocessing = 0;
		};
/* End PBXFrameworksBuildPhase section */

/* Begin PBXGroup section */
		783545DF13EA64C40049385C = {
			isa = PBXGroup;
			children = (
				783545F413EA64C50049385C /* ActiveSupport */,
				7835460A13EA64C50049385C /* ActiveSupportTests */,
				783545ED13EA64C50049385C /* Frameworks */,
				783545EC13EA64C50049385C /* Products */,
			);
			sourceTree = "<group>";
		};
		783545EC13EA64C50049385C /* Products */ = {
			isa = PBXGroup;
			children = (
				783545EB13EA64C50049385C /* ActiveSupport.framework */,
				7835460313EA64C50049385C /* ActiveSupportTests.octest */,
			);
			name = Products;
			sourceTree = "<group>";
		};
		783545ED13EA64C50049385C /* Frameworks */ = {
			isa = PBXGroup;
			children = (
				7835460413EA64C50049385C /* SenTestingKit.framework */,
				78AFBD9013EC587900BBFC62 /* Foundation.framework */,
				783545F013EA64C50049385C /* Other Frameworks */,
			);
			name = Frameworks;
			sourceTree = "<group>";
		};
		783545F013EA64C50049385C /* Other Frameworks */ = {
			isa = PBXGroup;
			children = (
			);
			name = "Other Frameworks";
			sourceTree = "<group>";
		};
		783545F413EA64C50049385C /* ActiveSupport */ = {
			isa = PBXGroup;
			children = (
				7835461B13EA67C50049385C /* ActiveSupport.h */,
				7832703614115C6F00ECCE7D /* NSObject+ActiveSupport.h */,
				7832703714115C6F00ECCE7D /* NSObject+ActiveSupport.m */,
				7832704014115D3400ECCE7D /* NSArray+ActiveSupport.h */,
				7832704114115D3400ECCE7D /* NSArray+ActiveSupport.m */,
				78B628FA141163A2007A8602 /* NSDictionary+ActiveSupport.h */,
				78B628FB141163A2007A8602 /* NSDictionary+ActiveSupport.m */,
				78F3B50514175E5C005D6F5D /* NSRegularExpression+ActiveSupport.h */,
				78F3B50614175E5C005D6F5D /* NSRegularExpression+ActiveSupport.m */,
				784891E414EA9E03009F2BE7 /* NSDateFormatter+ActiveSupport.h */,
				784891E514EA9E03009F2BE7 /* NSDateFormatter+ActiveSupport.m */,
				78E77EC714E03C0D008C55C6 /* ASReplacementStringForResults.h */,
				78E77ECB14E03C21008C55C6 /* ASReplacementStringForResults.m */,
				78F3B5551418CEB7005D6F5D /* ASJSON.h */,
				78F3B5561418CEB7005D6F5D /* ASJSON.m */,
				7835461C13EA67C50049385C /* ASInflectorMethods.h */,
				7835461D13EA67C50049385C /* ASInflectorMethods.m */,
				78E0B17E140D320C004E1041 /* ASInflector.h */,
				78E0B17F140D320C004E1041 /* ASInflector.m */,
				783BA26D14E9D84A00D6BDB1 /* ASDateFormatter.h */,
				783BA26E14E9D84A00D6BDB1 /* ASDateFormatter.m */,
				78ED15D714B2282E00149AEE /* ASRFC3339.h */,
				78ED15DB14B228B400149AEE /* ASRFC3339.m */,
				783BA26614E9D27300D6BDB1 /* ASRFC2822.h */,
				783BA26714E9D27300D6BDB1 /* ASRFC2822.m */,
				788F9C1314D837F8000BA699 /* ASNull.h */,
				788F9C1414D837F8000BA699 /* ASNull.m */,
				783545F513EA64C50049385C /* Supporting Files */,
			);
			path = ActiveSupport;
			sourceTree = "<group>";
		};
		783545F513EA64C50049385C /* Supporting Files */ = {
			isa = PBXGroup;
			children = (
				783545F613EA64C50049385C /* ActiveSupport-Info.plist */,
				783545F713EA64C50049385C /* InfoPlist.strings */,
				783545FA13EA64C50049385C /* ActiveSupport-Prefix.pch */,
				7835BC731414B8E600CC4B56 /* Versioning.h */,
				7835BC741414B8E600CC4B56 /* Versioning.m */,
			);
			name = "Supporting Files";
			sourceTree = "<group>";
		};
		7835460A13EA64C50049385C /* ActiveSupportTests */ = {
			isa = PBXGroup;
			children = (
				7835461013EA64C50049385C /* ActiveSupportTests.h */,
				7835461113EA64C50049385C /* ActiveSupportTests.m */,
				788DB0F614D323CA00AF938D /* InflectorTests.h */,
				788DB0F714D323CA00AF938D /* InflectorTests.m */,
				78D9883A14E9166D0081C350 /* EncodingTests.h */,
				78D9883B14E9166D0081C350 /* EncodingTests.m */,
				7835460B13EA64C50049385C /* Supporting Files */,
			);
			path = ActiveSupportTests;
			sourceTree = "<group>";
		};
		7835460B13EA64C50049385C /* Supporting Files */ = {
			isa = PBXGroup;
			children = (
				7835460C13EA64C50049385C /* ActiveSupportTests-Info.plist */,
				7835460D13EA64C50049385C /* InfoPlist.strings */,
			);
			name = "Supporting Files";
			sourceTree = "<group>";
		};
/* End PBXGroup section */

/* Begin PBXHeadersBuildPhase section */
		783545E813EA64C50049385C /* Headers */ = {
			isa = PBXHeadersBuildPhase;
			buildActionMask = 2147483647;
			files = (
				7835461E13EA67C50049385C /* ActiveSupport.h in Headers */,
				7835461F13EA67C50049385C /* ASInflectorMethods.h in Headers */,
				78E0B180140D320C004E1041 /* ASInflector.h in Headers */,
				7832703814115C6F00ECCE7D /* NSObject+ActiveSupport.h in Headers */,
				7832704214115D3400ECCE7D /* NSArray+ActiveSupport.h in Headers */,
				78B628FC141163A2007A8602 /* NSDictionary+ActiveSupport.h in Headers */,
				7835BC751414B8E600CC4B56 /* Versioning.h in Headers */,
				78F3B50714175E5C005D6F5D /* NSRegularExpression+ActiveSupport.h in Headers */,
				78F3B5571418CEB8005D6F5D /* ASJSON.h in Headers */,
				78ED15D814B2282E00149AEE /* ASRFC3339.h in Headers */,
				788DB0F814D323CA00AF938D /* InflectorTests.h in Headers */,
				788F9C1514D837F8000BA699 /* ASNull.h in Headers */,
				78E77EC814E03C0D008C55C6 /* ASReplacementStringForResults.h in Headers */,
				783BA26814E9D27300D6BDB1 /* ASRFC2822.h in Headers */,
				783BA26F14E9D84A00D6BDB1 /* ASDateFormatter.h in Headers */,
				784891E614EA9E03009F2BE7 /* NSDateFormatter+ActiveSupport.h in Headers */,
			);
			runOnlyForDeploymentPostprocessing = 0;
		};
/* End PBXHeadersBuildPhase section */

/* Begin PBXNativeTarget section */
		783545EA13EA64C50049385C /* ActiveSupport */ = {
			isa = PBXNativeTarget;
			buildConfigurationList = 7835461513EA64C50049385C /* Build configuration list for PBXNativeTarget "ActiveSupport" */;
			buildPhases = (
				783545E613EA64C50049385C /* Sources */,
				783545E713EA64C50049385C /* Frameworks */,
				783545E813EA64C50049385C /* Headers */,
				783545E913EA64C50049385C /* Resources */,
			);
			buildRules = (
			);
			dependencies = (
			);
			name = ActiveSupport;
			productName = ActiveSupportKit;
			productReference = 783545EB13EA64C50049385C /* ActiveSupport.framework */;
			productType = "com.apple.product-type.framework";
		};
		7835460213EA64C50049385C /* ActiveSupportTests */ = {
			isa = PBXNativeTarget;
			buildConfigurationList = 7835461813EA64C50049385C /* Build configuration list for PBXNativeTarget "ActiveSupportTests" */;
			buildPhases = (
				783545FE13EA64C50049385C /* Sources */,
				783545FF13EA64C50049385C /* Frameworks */,
				7835460013EA64C50049385C /* Resources */,
				7835460113EA64C50049385C /* ShellScript */,
			);
			buildRules = (
			);
			dependencies = (
				7835460813EA64C50049385C /* PBXTargetDependency */,
			);
			name = ActiveSupportTests;
			productName = ActiveSupportKitTests;
			productReference = 7835460313EA64C50049385C /* ActiveSupportTests.octest */;
			productType = "com.apple.product-type.bundle";
		};
/* End PBXNativeTarget section */

/* Begin PBXProject section */
		783545E113EA64C40049385C /* Project object */ = {
			isa = PBXProject;
			attributes = {
				LastUpgradeCheck = 0460;
				ORGANIZATIONNAME = "Pioneering Software, United Kingdom";
			};
			buildConfigurationList = 783545E413EA64C40049385C /* Build configuration list for PBXProject "ActiveSupportKit" */;
			compatibilityVersion = "Xcode 3.2";
			developmentRegion = English;
			hasScannedForEncodings = 0;
			knownRegions = (
				en,
			);
			mainGroup = 783545DF13EA64C40049385C;
			productRefGroup = 783545EC13EA64C50049385C /* Products */;
			projectDirPath = "";
			projectRoot = "";
			targets = (
				783545EA13EA64C50049385C /* ActiveSupport */,
				7835460213EA64C50049385C /* ActiveSupportTests */,
			);
		};
/* End PBXProject section */

/* Begin PBXResourcesBuildPhase section */
		783545E913EA64C50049385C /* Resources */ = {
			isa = PBXResourcesBuildPhase;
			buildActionMask = 2147483647;
			files = (
				783545F913EA64C50049385C /* InfoPlist.strings in Resources */,
			);
			runOnlyForDeploymentPostprocessing = 0;
		};
		7835460013EA64C50049385C /* Resources */ = {
			isa = PBXResourcesBuildPhase;
			buildActionMask = 2147483647;
			files = (
				7835460F13EA64C50049385C /* InfoPlist.strings in Resources */,
			);
			runOnlyForDeploymentPostprocessing = 0;
		};
/* End PBXResourcesBuildPhase section */

/* Begin PBXShellScriptBuildPhase section */
		7835460113EA64C50049385C /* ShellScript */ = {
			isa = PBXShellScriptBuildPhase;
			buildActionMask = 2147483647;
			files = (
			);
			inputPaths = (
			);
			outputPaths = (
			);
			runOnlyForDeploymentPostprocessing = 0;
			shellPath = /bin/sh;
			shellScript = "# Run the unit tests in this test bundle.\n\"${SYSTEM_DEVELOPER_DIR}/Tools/RunUnitTests\"\n";
		};
/* End PBXShellScriptBuildPhase section */

/* Begin PBXSourcesBuildPhase section */
		783545E613EA64C50049385C /* Sources */ = {
			isa = PBXSourcesBuildPhase;
			buildActionMask = 2147483647;
			files = (
				7835462013EA67C50049385C /* ASInflectorMethods.m in Sources */,
				78E0B181140D320C004E1041 /* ASInflector.m in Sources */,
				7832703A14115C6F00ECCE7D /* NSObject+ActiveSupport.m in Sources */,
				7832704414115D3400ECCE7D /* NSArray+ActiveSupport.m in Sources */,
				78B628FE141163A2007A8602 /* NSDictionary+ActiveSupport.m in Sources */,
				7835BC771414B8E600CC4B56 /* Versioning.m in Sources */,
				78F3B50914175E5C005D6F5D /* NSRegularExpression+ActiveSupport.m in Sources */,
				78F3B5591418CEB8005D6F5D /* ASJSON.m in Sources */,
				78ED15DC14B228B400149AEE /* ASRFC3339.m in Sources */,
				788F9C1714D837F8000BA699 /* ASNull.m in Sources */,
				78E77ECC14E03C22008C55C6 /* ASReplacementStringForResults.m in Sources */,
				783BA26A14E9D27300D6BDB1 /* ASRFC2822.m in Sources */,
				783BA27114E9D84A00D6BDB1 /* ASDateFormatter.m in Sources */,
				784891E814EA9E03009F2BE7 /* NSDateFormatter+ActiveSupport.m in Sources */,
			);
			runOnlyForDeploymentPostprocessing = 0;
		};
		783545FE13EA64C50049385C /* Sources */ = {
			isa = PBXSourcesBuildPhase;
			buildActionMask = 2147483647;
			files = (
				7835461213EA64C50049385C /* ActiveSupportTests.m in Sources */,
				788DB0FD14D3244A00AF938D /* InflectorTests.m in Sources */,
				78D9883C14E9166D0081C350 /* EncodingTests.m in Sources */,
			);
			runOnlyForDeploymentPostprocessing = 0;
		};
/* End PBXSourcesBuildPhase section */

/* Begin PBXTargetDependency section */
		7835460813EA64C50049385C /* PBXTargetDependency */ = {
			isa = PBXTargetDependency;
			target = 783545EA13EA64C50049385C /* ActiveSupport */;
			targetProxy = 7835460713EA64C50049385C /* PBXContainerItemProxy */;
		};
/* End PBXTargetDependency section */

/* Begin PBXVariantGroup section */
		783545F713EA64C50049385C /* InfoPlist.strings */ = {
			isa = PBXVariantGroup;
			children = (
				783545F813EA64C50049385C /* en */,
			);
			name = InfoPlist.strings;
			sourceTree = "<group>";
		};
		7835460D13EA64C50049385C /* InfoPlist.strings */ = {
			isa = PBXVariantGroup;
			children = (
				7835460E13EA64C50049385C /* en */,
			);
			name = InfoPlist.strings;
			sourceTree = "<group>";
		};
/* End PBXVariantGroup section */

/* Begin XCBuildConfiguration section */
		7835461313EA64C50049385C /* Debug */ = {
			isa = XCBuildConfiguration;
			buildSettings = {
				ALWAYS_SEARCH_USER_PATHS = NO;
				ARCHS = "$(ARCHS_STANDARD_64_BIT)";
				CLANG_ENABLE_OBJC_ARC = YES;
				CLANG_WARN_CONSTANT_CONVERSION = YES;
				CLANG_WARN_ENUM_CONVERSION = YES;
				CLANG_WARN_INT_CONVERSION = YES;
				CLANG_WARN__DUPLICATE_METHOD_MATCH = YES;
				COPY_PHASE_STRIP = NO;
				CURRENT_PROJECT_VERSION = 163.41;
				GCC_C_LANGUAGE_STANDARD = gnu99;
				GCC_DYNAMIC_NO_PIC = NO;
				GCC_ENABLE_OBJC_EXCEPTIONS = YES;
				GCC_OPTIMIZATION_LEVEL = 0;
				GCC_PREPROCESSOR_DEFINITIONS = (
					"DEBUG=1",
					"$(inherited)",
				);
				GCC_SYMBOLS_PRIVATE_EXTERN = NO;
				GCC_VERSION = com.apple.compilers.llvm.clang.1_0;
				GCC_WARN_64_TO_32_BIT_CONVERSION = YES;
				GCC_WARN_ABOUT_MISSING_PROTOTYPES = YES;
				GCC_WARN_ABOUT_RETURN_TYPE = YES;
				GCC_WARN_UNINITIALIZED_AUTOS = YES;
				GCC_WARN_UNUSED_VARIABLE = YES;
				MACOSX_DEPLOYMENT_TARGET = 10.7;
				ONLY_ACTIVE_ARCH = YES;
				SDKROOT = macosx;
				VERSIONING_SYSTEM = "apple-generic";
				VERSION_INFO_PREFIX = k;
			};
			name = Debug;
		};
		7835461413EA64C50049385C /* Release */ = {
			isa = XCBuildConfiguration;
			buildSettings = {
				ALWAYS_SEARCH_USER_PATHS = NO;
				ARCHS = "$(ARCHS_STANDARD_64_BIT)";
				CLANG_ENABLE_OBJC_ARC = YES;
				CLANG_WARN_CONSTANT_CONVERSION = YES;
				CLANG_WARN_ENUM_CONVERSION = YES;
				CLANG_WARN_INT_CONVERSION = YES;
				CLANG_WARN__DUPLICATE_METHOD_MATCH = YES;
				COPY_PHASE_STRIP = YES;
				CURRENT_PROJECT_VERSION = 163.41;
				DEBUG_INFORMATION_FORMAT = "dwarf-with-dsym";
				GCC_C_LANGUAGE_STANDARD = gnu99;
				GCC_ENABLE_OBJC_EXCEPTIONS = YES;
				GCC_VERSION = com.apple.compilers.llvm.clang.1_0;
				GCC_WARN_64_TO_32_BIT_CONVERSION = YES;
				GCC_WARN_ABOUT_MISSING_PROTOTYPES = YES;
				GCC_WARN_ABOUT_RETURN_TYPE = YES;
				GCC_WARN_UNINITIALIZED_AUTOS = YES;
				GCC_WARN_UNUSED_VARIABLE = YES;
				MACOSX_DEPLOYMENT_TARGET = 10.7;
				SDKROOT = macosx;
				VERSIONING_SYSTEM = "apple-generic";
				VERSION_INFO_PREFIX = k;
			};
			name = Release;
		};
		7835461613EA64C50049385C /* Debug */ = {
			isa = XCBuildConfiguration;
			buildSettings = {
				COMBINE_HIDPI_IMAGES = YES;
				DYLIB_COMPATIBILITY_VERSION = 1;
				DYLIB_CURRENT_VERSION = 163.41;
				DYLIB_INSTALL_NAME_BASE = "@executable_path/../Frameworks/ObjectiveRails.framework/Versions/Current/Frameworks";
				FRAMEWORK_VERSION = A;
				GCC_PRECOMPILE_PREFIX_HEADER = YES;
				GCC_PREFIX_HEADER = "ActiveSupport/ActiveSupport-Prefix.pch";
				INFOPLIST_FILE = "ActiveSupport/ActiveSupport-Info.plist";
				PRODUCT_NAME = ActiveSupport;
				WRAPPER_EXTENSION = framework;
			};
			name = Debug;
		};
		7835461713EA64C50049385C /* Release */ = {
			isa = XCBuildConfiguration;
			buildSettings = {
				COMBINE_HIDPI_IMAGES = YES;
				DYLIB_COMPATIBILITY_VERSION = 1;
				DYLIB_CURRENT_VERSION = 163.41;
				DYLIB_INSTALL_NAME_BASE = "@executable_path/../Frameworks/ObjectiveRails.framework/Versions/Current/Frameworks";
				FRAMEWORK_VERSION = A;
				GCC_PRECOMPILE_PREFIX_HEADER = YES;
				GCC_PREFIX_HEADER = "ActiveSupport/ActiveSupport-Prefix.pch";
				INFOPLIST_FILE = "ActiveSupport/ActiveSupport-Info.plist";
				PRODUCT_NAME = ActiveSupport;
				WRAPPER_EXTENSION = framework;
			};
			name = Release;
		};
		7835461913EA64C50049385C /* Debug */ = {
			isa = XCBuildConfiguration;
			buildSettings = {
				COMBINE_HIDPI_IMAGES = YES;
				FRAMEWORK_SEARCH_PATHS = "$(DEVELOPER_LIBRARY_DIR)/Frameworks";
				GCC_PRECOMPILE_PREFIX_HEADER = YES;
				GCC_PREFIX_HEADER = "ActiveSupport/ActiveSupport-Prefix.pch";
				INFOPLIST_FILE = "ActiveSupportTests/ActiveSupportTests-Info.plist";
				PRODUCT_NAME = "$(TARGET_NAME)";
				WRAPPER_EXTENSION = octest;
			};
			name = Debug;
		};
		7835461A13EA64C50049385C /* Release */ = {
			isa = XCBuildConfiguration;
			buildSettings = {
				COMBINE_HIDPI_IMAGES = YES;
				FRAMEWORK_SEARCH_PATHS = "$(DEVELOPER_LIBRARY_DIR)/Frameworks";
				GCC_PRECOMPILE_PREFIX_HEADER = YES;
				GCC_PREFIX_HEADER = "ActiveSupport/ActiveSupport-Prefix.pch";
				INFOPLIST_FILE = "ActiveSupportTests/ActiveSupportTests-Info.plist";
				PRODUCT_NAME = "$(TARGET_NAME)";
				WRAPPER_EXTENSION = octest;
			};
			name = Release;
		};
/* End XCBuildConfiguration section */

/* Begin XCConfigurationList section */
		783545E413EA64C40049385C /* Build configuration list for PBXProject "ActiveSupportKit" */ = {
			isa = XCConfigurationList;
			buildConfigurations = (
				7835461313EA64C50049385C /* Debug */,
				7835461413EA64C50049385C /* Release */,
			);
			defaultConfigurationIsVisible = 0;
			defaultConfigurationName = Release;
		};
		7835461513EA64C50049385C /* Build configuration list for PBXNativeTarget "ActiveSupport" */ = {
			isa = XCConfigurationList;
			buildConfigurations = (
				7835461613EA64C50049385C /* Debug */,
				7835461713EA64C50049385C /* Release */,
			);
			defaultConfigurationIsVisible = 0;
			defaultConfigurationName = Release;
		};
		7835461813EA64C50049385C /* Build configuration list for PBXNativeTarget "ActiveSupportTests" */ = {
			isa = XCConfigurationList;
			buildConfigurations = (
				7835461913EA64C50049385C /* Debug */,
				7835461A13EA64C50049385C /* Release */,
			);
			defaultConfigurationIsVisible = 0;
			defaultConfigurationName = Release;
		};
/* End XCConfigurationList section */
	};
	rootObject = 783545E113EA64C40049385C /* Project object */;
}
